
Microsoft Visual Studio Solution File, Format Version 12.00
# Visual Studio Version 16
VisualStudioVersion = 16.0.30717.126
MinimumVisualStudioVersion = 10.0.40219.1
Project("{FAE04EC0-301F-11D3-BF4B-00C04F79EFBC}") = "UserMaintenance", "UserMaintenance\UserMaintenance.csproj", "{0F17E9CF-D3F5-4A95-A53C-BB0E592D1E68}"
EndProject
Global
	GlobalSection(SolutionConfigurationPlatforms) = preSolution
		Debug|Any CPU = Debug|Any CPU
		Release|Any CPU = Release|Any CPU
	EndGlobalSection
	GlobalSection(ProjectConfigurationPlatforms) = postSolution
		{0F17E9CF-D3F5-4A95-A53C-BB0E592D1E68}.Debug|Any CPU.ActiveCfg = Debug|Any CPU
		{0F17E9CF-D3F5-4A95-A53C-BB0E592D1E68}.Debug|Any CPU.Build.0 = Debug|Any CPU
		{0F17E9CF-D3F5-4A95-A53C-BB0E592D1E68}.Release|Any CPU.ActiveCfg = Release|Any CPU
		{0F17E9CF-D3F5-4A95-A53C-BB0E592D1E68}.Release|Any CPU.Build.0 = Release|Any CPU
	EndGlobalSection
	GlobalSection(SolutionProperties) = preSolution
		HideSolutionNode = FALSE
	EndGlobalSection
	GlobalSection(ExtensibilityGlobals) = postSolution
		SolutionGuid = {C99D2EAD-976A-4C2B-87DF-3D9F5E0F5D01}
	EndGlobalSection
EndGlobal
